// !$*UTF8*$!
{
	archiveVersion = 1;
	classes = {
	};
	objectVersion = 56;
	objects = {

/* Begin PBXBuildFile section */
		7625D8392D8A744E00A48ADD /* MainView.swift in Sources */ = {isa = PBXBuildFile; fileRef = 7625D8382D8A744E00A48ADD /* MainView.swift */; };
		7625D83B2D8A785600A48ADD /* Icons.swift in Sources */ = {isa = PBXBuildFile; fileRef = 7625D83A2D8A785600A48ADD /* Icons.swift */; };
		7625D83D2D8A7B6100A48ADD /* Labels.swift in Sources */ = {isa = PBXBuildFile; fileRef = 7625D83C2D8A7B6100A48ADD /* Labels.swift */; };
		7625D83F2D8A80D500A48ADD /* MainController.swift in Sources */ = {isa = PBXBuildFile; fileRef = 7625D83E2D8A80D500A48ADD /* MainController.swift */; };
		7625D8422D8A818D00A48ADD /* SpinningBackgroundController.swift in Sources */ = {isa = PBXBuildFile; fileRef = 7625D8412D8A818D00A48ADD /* SpinningBackgroundController.swift */; };
		7625D8532D8BA76700A48ADD /* SettingsView.swift in Sources */ = {isa = PBXBuildFile; fileRef = 7625D8522D8BA76700A48ADD /* SettingsView.swift */; };
		7625D8552D8BA8AC00A48ADD /* SettingsController.swift in Sources */ = {isa = PBXBuildFile; fileRef = 7625D8542D8BA8AC00A48ADD /* SettingsController.swift */; };
		7625D8572D8D1E0600A48ADD /* Constants.swift in Sources */ = {isa = PBXBuildFile; fileRef = 7625D8562D8D1E0600A48ADD /* Constants.swift */; };
		765EC5582D851FFD00552A5B /* RouletteApp.swift in Sources */ = {isa = PBXBuildFile; fileRef = 765EC5572D851FFD00552A5B /* RouletteApp.swift */; };
		765EC55A2D851FFD00552A5B /* ContentView.swift in Sources */ = {isa = PBXBuildFile; fileRef = 765EC5592D851FFD00552A5B /* ContentView.swift */; };
		765EC55C2D851FFE00552A5B /* Assets.xcassets in Resources */ = {isa = PBXBuildFile; fileRef = 765EC55B2D851FFE00552A5B /* Assets.xcassets */; };
		765EC5602D851FFE00552A5B /* Preview Assets.xcassets in Resources */ = {isa = PBXBuildFile; fileRef = 765EC55F2D851FFE00552A5B /* Preview Assets.xcassets */; };
		76E1B26B2D8A1FF50061D5DB /* SpinnerView.swift in Sources */ = {isa = PBXBuildFile; fileRef = 76E1B26A2D8A1FF50061D5DB /* SpinnerView.swift */; };
		76E1B26D2D8A20200061D5DB /* SpinnerModel.swift in Sources */ = {isa = PBXBuildFile; fileRef = 76E1B26C2D8A20200061D5DB /* SpinnerModel.swift */; };
		76E1B26F2D8A202B0061D5DB /* SpinnerController.swift in Sources */ = {isa = PBXBuildFile; fileRef = 76E1B26E2D8A202B0061D5DB /* SpinnerController.swift */; };
		76E1B2732D8A212F0061D5DB /* SpinnerOptionModel.swift in Sources */ = {isa = PBXBuildFile; fileRef = 76E1B2722D8A212F0061D5DB /* SpinnerOptionModel.swift */; };
		76E1B2752D8A21E00061D5DB /* SpinningBackgroundView.swift in Sources */ = {isa = PBXBuildFile; fileRef = 76E1B2742D8A21E00061D5DB /* SpinningBackgroundView.swift */; };
		76E1B2772D8A2C540061D5DB /* SpinnerSegmentView.swift in Sources */ = {isa = PBXBuildFile; fileRef = 76E1B2762D8A2C540061D5DB /* SpinnerSegmentView.swift */; };
		76E1B2792D8A38920061D5DB /* Colors.swift in Sources */ = {isa = PBXBuildFile; fileRef = 76E1B2782D8A38920061D5DB /* Colors.swift */; };
/* End PBXBuildFile section */

/* Begin PBXFileReference section */
		7625D8382D8A744E00A48ADD /* MainView.swift */ = {isa = PBXFileReference; lastKnownFileType = sourcecode.swift; path = MainView.swift; sourceTree = "<group>"; };
		7625D83A2D8A785600A48ADD /* Icons.swift */ = {isa = PBXFileReference; lastKnownFileType = sourcecode.swift; path = Icons.swift; sourceTree = "<group>"; };
		7625D83C2D8A7B6100A48ADD /* Labels.swift */ = {isa = PBXFileReference; lastKnownFileType = sourcecode.swift; path = Labels.swift; sourceTree = "<group>"; };
		7625D83E2D8A80D500A48ADD /* MainController.swift */ = {isa = PBXFileReference; lastKnownFileType = sourcecode.swift; path = MainController.swift; sourceTree = "<group>"; };
		7625D8412D8A818D00A48ADD /* SpinningBackgroundController.swift */ = {isa = PBXFileReference; lastKnownFileType = sourcecode.swift; path = SpinningBackgroundController.swift; sourceTree = "<group>"; };
		7625D8522D8BA76700A48ADD /* SettingsView.swift */ = {isa = PBXFileReference; lastKnownFileType = sourcecode.swift; path = SettingsView.swift; sourceTree = "<group>"; };
		7625D8542D8BA8AC00A48ADD /* SettingsController.swift */ = {isa = PBXFileReference; lastKnownFileType = sourcecode.swift; path = SettingsController.swift; sourceTree = "<group>"; };
		7625D8562D8D1E0600A48ADD /* Constants.swift */ = {isa = PBXFileReference; lastKnownFileType = sourcecode.swift; path = Constants.swift; sourceTree = "<group>"; };
		765EC5542D851FFD00552A5B /* Roulette.app */ = {isa = PBXFileReference; explicitFileType = wrapper.application; includeInIndex = 0; path = Roulette.app; sourceTree = BUILT_PRODUCTS_DIR; };
		765EC5572D851FFD00552A5B /* RouletteApp.swift */ = {isa = PBXFileReference; lastKnownFileType = sourcecode.swift; path = RouletteApp.swift; sourceTree = "<group>"; };
		765EC5592D851FFD00552A5B /* ContentView.swift */ = {isa = PBXFileReference; lastKnownFileType = sourcecode.swift; path = ContentView.swift; sourceTree = "<group>"; };
		765EC55B2D851FFE00552A5B /* Assets.xcassets */ = {isa = PBXFileReference; lastKnownFileType = folder.assetcatalog; path = Assets.xcassets; sourceTree = "<group>"; };
		765EC55D2D851FFE00552A5B /* Roulette.entitlements */ = {isa = PBXFileReference; lastKnownFileType = text.plist.entitlements; path = Roulette.entitlements; sourceTree = "<group>"; };
		765EC55F2D851FFE00552A5B /* Preview Assets.xcassets */ = {isa = PBXFileReference; lastKnownFileType = folder.assetcatalog; path = "Preview Assets.xcassets"; sourceTree = "<group>"; };
		76E1B26A2D8A1FF50061D5DB /* SpinnerView.swift */ = {isa = PBXFileReference; lastKnownFileType = sourcecode.swift; path = SpinnerView.swift; sourceTree = "<group>"; };
		76E1B26C2D8A20200061D5DB /* SpinnerModel.swift */ = {isa = PBXFileReference; lastKnownFileType = sourcecode.swift; path = SpinnerModel.swift; sourceTree = "<group>"; };
		76E1B26E2D8A202B0061D5DB /* SpinnerController.swift */ = {isa = PBXFileReference; lastKnownFileType = sourcecode.swift; path = SpinnerController.swift; sourceTree = "<group>"; };
		76E1B2722D8A212F0061D5DB /* SpinnerOptionModel.swift */ = {isa = PBXFileReference; lastKnownFileType = sourcecode.swift; path = SpinnerOptionModel.swift; sourceTree = "<group>"; };
		76E1B2742D8A21E00061D5DB /* SpinningBackgroundView.swift */ = {isa = PBXFileReference; lastKnownFileType = sourcecode.swift; path = SpinningBackgroundView.swift; sourceTree = "<group>"; };
		76E1B2762D8A2C540061D5DB /* SpinnerSegmentView.swift */ = {isa = PBXFileReference; lastKnownFileType = sourcecode.swift; path = SpinnerSegmentView.swift; sourceTree = "<group>"; };
		76E1B2782D8A38920061D5DB /* Colors.swift */ = {isa = PBXFileReference; lastKnownFileType = sourcecode.swift; path = Colors.swift; sourceTree = "<group>"; };
/* End PBXFileReference section */

/* Begin PBXFrameworksBuildPhase section */
		765EC5512D851FFD00552A5B /* Frameworks */ = {
			isa = PBXFrameworksBuildPhase;
			buildActionMask = 2147483647;
			files = (
			);
			runOnlyForDeploymentPostprocessing = 0;
		};
/* End PBXFrameworksBuildPhase section */

/* Begin PBXGroup section */
		7625D8372D8A743800A48ADD /* Main */ = {
			isa = PBXGroup;
			children = (
				7625D8382D8A744E00A48ADD /* MainView.swift */,
				7625D83E2D8A80D500A48ADD /* MainController.swift */,
			);
			path = Main;
			sourceTree = "<group>";
		};
		7625D8402D8A817800A48ADD /* SpinningBackground */ = {
			isa = PBXGroup;
			children = (
				76E1B2742D8A21E00061D5DB /* SpinningBackgroundView.swift */,
				7625D8412D8A818D00A48ADD /* SpinningBackgroundController.swift */,
			);
			path = SpinningBackground;
			sourceTree = "<group>";
		};
		7625D8512D8BA75700A48ADD /* Settings */ = {
			isa = PBXGroup;
			children = (
				7625D8522D8BA76700A48ADD /* SettingsView.swift */,
				7625D8542D8BA8AC00A48ADD /* SettingsController.swift */,
			);
			path = Settings;
			sourceTree = "<group>";
		};
		765EC54B2D851FFD00552A5B = {
			isa = PBXGroup;
			children = (
				765EC5562D851FFD00552A5B /* Roulette */,
				765EC5552D851FFD00552A5B /* Products */,
			);
			sourceTree = "<group>";
		};
		765EC5552D851FFD00552A5B /* Products */ = {
			isa = PBXGroup;
			children = (
				765EC5542D851FFD00552A5B /* Roulette.app */,
			);
			name = Products;
			sourceTree = "<group>";
		};
		765EC5562D851FFD00552A5B /* Roulette */ = {
			isa = PBXGroup;
			children = (
				76E1B2682D8685060061D5DB /* BackendResources */,
				76E1B2672D8684F80061D5DB /* UIResources */,
				76E1B2662D8684EC0061D5DB /* Modules */,
				76E1B2652D8684E00061D5DB /* Utils */,
				765EC5572D851FFD00552A5B /* RouletteApp.swift */,
				765EC5592D851FFD00552A5B /* ContentView.swift */,
				765EC55B2D851FFE00552A5B /* Assets.xcassets */,
				765EC55D2D851FFE00552A5B /* Roulette.entitlements */,
				765EC55E2D851FFE00552A5B /* Preview Content */,
			);
			path = Roulette;
			sourceTree = "<group>";
		};
		765EC55E2D851FFE00552A5B /* Preview Content */ = {
			isa = PBXGroup;
			children = (
				765EC55F2D851FFE00552A5B /* Preview Assets.xcassets */,
			);
			path = "Preview Content";
			sourceTree = "<group>";
		};
		76E1B2652D8684E00061D5DB /* Utils */ = {
			isa = PBXGroup;
			children = (
			);
			path = Utils;
			sourceTree = "<group>";
		};
		76E1B2662D8684EC0061D5DB /* Modules */ = {
			isa = PBXGroup;
			children = (
				7625D8512D8BA75700A48ADD /* Settings */,
				7625D8372D8A743800A48ADD /* Main */,
				7625D8402D8A817800A48ADD /* SpinningBackground */,
				76E1B2702D8A210A0061D5DB /* SpinnerOption */,
				76E1B2692D8A1FDF0061D5DB /* Spinner */,
			);
			path = Modules;
			sourceTree = "<group>";
		};
		76E1B2672D8684F80061D5DB /* UIResources */ = {
			isa = PBXGroup;
			children = (
				76E1B2782D8A38920061D5DB /* Colors.swift */,
				7625D83A2D8A785600A48ADD /* Icons.swift */,
				7625D83C2D8A7B6100A48ADD /* Labels.swift */,
			);
			path = UIResources;
			sourceTree = "<group>";
		};
		76E1B2682D8685060061D5DB /* BackendResources */ = {
			isa = PBXGroup;
			children = (
				7625D8562D8D1E0600A48ADD /* Constants.swift */,
			);
			path = BackendResources;
			sourceTree = "<group>";
		};
		76E1B2692D8A1FDF0061D5DB /* Spinner */ = {
			isa = PBXGroup;
			children = (
				76E1B26C2D8A20200061D5DB /* SpinnerModel.swift */,
				76E1B26A2D8A1FF50061D5DB /* SpinnerView.swift */,
				76E1B26E2D8A202B0061D5DB /* SpinnerController.swift */,
			);
			path = Spinner;
			sourceTree = "<group>";
		};
		76E1B2702D8A210A0061D5DB /* SpinnerOption */ = {
			isa = PBXGroup;
			children = (
				76E1B2722D8A212F0061D5DB /* SpinnerOptionModel.swift */,
				76E1B2762D8A2C540061D5DB /* SpinnerSegmentView.swift */,
			);
			path = SpinnerOption;
			sourceTree = "<group>";
		};
/* End PBXGroup section */

/* Begin PBXNativeTarget section */
		765EC5532D851FFD00552A5B /* Roulette */ = {
			isa = PBXNativeTarget;
			buildConfigurationList = 765EC5632D851FFE00552A5B /* Build configuration list for PBXNativeTarget "Roulette" */;
			buildPhases = (
				765EC5502D851FFD00552A5B /* Sources */,
				765EC5512D851FFD00552A5B /* Frameworks */,
				765EC5522D851FFD00552A5B /* Resources */,
			);
			buildRules = (
			);
			dependencies = (
			);
			name = Roulette;
			productName = Roulette;
			productReference = 765EC5542D851FFD00552A5B /* Roulette.app */;
			productType = "com.apple.product-type.application";
		};
/* End PBXNativeTarget section */

/* Begin PBXProject section */
		765EC54C2D851FFD00552A5B /* Project object */ = {
			isa = PBXProject;
			attributes = {
				BuildIndependentTargetsInParallel = 1;
				LastSwiftUpdateCheck = 1540;
				LastUpgradeCheck = 1540;
				TargetAttributes = {
					765EC5532D851FFD00552A5B = {
						CreatedOnToolsVersion = 15.4;
					};
				};
			};
			buildConfigurationList = 765EC54F2D851FFD00552A5B /* Build configuration list for PBXProject "Roulette" */;
			compatibilityVersion = "Xcode 14.0";
			developmentRegion = en;
			hasScannedForEncodings = 0;
			knownRegions = (
				en,
				Base,
			);
			mainGroup = 765EC54B2D851FFD00552A5B;
			productRefGroup = 765EC5552D851FFD00552A5B /* Products */;
			projectDirPath = "";
			projectRoot = "";
			targets = (
				765EC5532D851FFD00552A5B /* Roulette */,
			);
		};
/* End PBXProject section */

/* Begin PBXResourcesBuildPhase section */
		765EC5522D851FFD00552A5B /* Resources */ = {
			isa = PBXResourcesBuildPhase;
			buildActionMask = 2147483647;
			files = (
				765EC5602D851FFE00552A5B /* Preview Assets.xcassets in Resources */,
				765EC55C2D851FFE00552A5B /* Assets.xcassets in Resources */,
			);
			runOnlyForDeploymentPostprocessing = 0;
		};
/* End PBXResourcesBuildPhase section */

/* Begin PBXSourcesBuildPhase section */
		765EC5502D851FFD00552A5B /* Sources */ = {
			isa = PBXSourcesBuildPhase;
			buildActionMask = 2147483647;
			files = (
				7625D8532D8BA76700A48ADD /* SettingsView.swift in Sources */,
				7625D8572D8D1E0600A48ADD /* Constants.swift in Sources */,
				76E1B2772D8A2C540061D5DB /* SpinnerSegmentView.swift in Sources */,
				7625D8422D8A818D00A48ADD /* SpinningBackgroundController.swift in Sources */,
				76E1B2792D8A38920061D5DB /* Colors.swift in Sources */,
				7625D83D2D8A7B6100A48ADD /* Labels.swift in Sources */,
				765EC55A2D851FFD00552A5B /* ContentView.swift in Sources */,
				7625D8392D8A744E00A48ADD /* MainView.swift in Sources */,
				76E1B2752D8A21E00061D5DB /* SpinningBackgroundView.swift in Sources */,
				7625D8552D8BA8AC00A48ADD /* SettingsController.swift in Sources */,
				7625D83B2D8A785600A48ADD /* Icons.swift in Sources */,
				76E1B26D2D8A20200061D5DB /* SpinnerModel.swift in Sources */,
				76E1B26B2D8A1FF50061D5DB /* SpinnerView.swift in Sources */,
				765EC5582D851FFD00552A5B /* RouletteApp.swift in Sources */,
				76E1B2732D8A212F0061D5DB /* SpinnerOptionModel.swift in Sources */,
				7625D83F2D8A80D500A48ADD /* MainController.swift in Sources */,
				76E1B26F2D8A202B0061D5DB /* SpinnerController.swift in Sources */,
			);
			runOnlyForDeploymentPostprocessing = 0;
		};
/* End PBXSourcesBuildPhase section */

/* Begin XCBuildConfiguration section */
		765EC5612D851FFE00552A5B /* Debug */ = {
			isa = XCBuildConfiguration;
			buildSettings = {
				ALWAYS_SEARCH_USER_PATHS = NO;
				ASSETCATALOG_COMPILER_GENERATE_SWIFT_ASSET_SYMBOL_EXTENSIONS = YES;
				CLANG_ANALYZER_NONNULL = YES;
				CLANG_ANALYZER_NUMBER_OBJECT_CONVERSION = YES_AGGRESSIVE;
				CLANG_CXX_LANGUAGE_STANDARD = "gnu++20";
				CLANG_ENABLE_MODULES = YES;
				CLANG_ENABLE_OBJC_ARC = YES;
				CLANG_ENABLE_OBJC_WEAK = YES;
				CLANG_WARN_BLOCK_CAPTURE_AUTORELEASING = YES;
				CLANG_WARN_BOOL_CONVERSION = YES;
				CLANG_WARN_COMMA = YES;
				CLANG_WARN_CONSTANT_CONVERSION = YES;
				CLANG_WARN_DEPRECATED_OBJC_IMPLEMENTATIONS = YES;
				CLANG_WARN_DIRECT_OBJC_ISA_USAGE = YES_ERROR;
				CLANG_WARN_DOCUMENTATION_COMMENTS = YES;
				CLANG_WARN_EMPTY_BODY = YES;
				CLANG_WARN_ENUM_CONVERSION = YES;
				CLANG_WARN_INFINITE_RECURSION = YES;
				CLANG_WARN_INT_CONVERSION = YES;
				CLANG_WARN_NON_LITERAL_NULL_CONVERSION = YES;
				CLANG_WARN_OBJC_IMPLICIT_RETAIN_SELF = YES;
				CLANG_WARN_OBJC_LITERAL_CONVERSION = YES;
				CLANG_WARN_OBJC_ROOT_CLASS = YES_ERROR;
				CLANG_WARN_QUOTED_INCLUDE_IN_FRAMEWORK_HEADER = YES;
				CLANG_WARN_RANGE_LOOP_ANALYSIS = YES;
				CLANG_WARN_STRICT_PROTOTYPES = YES;
				CLANG_WARN_SUSPICIOUS_MOVE = YES;
				CLANG_WARN_UNGUARDED_AVAILABILITY = YES_AGGRESSIVE;
				CLANG_WARN_UNREACHABLE_CODE = YES;
				CLANG_WARN__DUPLICATE_METHOD_MATCH = YES;
				COPY_PHASE_STRIP = NO;
				DEBUG_INFORMATION_FORMAT = dwarf;
				ENABLE_STRICT_OBJC_MSGSEND = YES;
				ENABLE_TESTABILITY = YES;
				ENABLE_USER_SCRIPT_SANDBOXING = YES;
				GCC_C_LANGUAGE_STANDARD = gnu17;
				GCC_DYNAMIC_NO_PIC = NO;
				GCC_NO_COMMON_BLOCKS = YES;
				GCC_OPTIMIZATION_LEVEL = 0;
				GCC_PREPROCESSOR_DEFINITIONS = (
					"DEBUG=1",
					"$(inherited)",
				);
				GCC_WARN_64_TO_32_BIT_CONVERSION = YES;
				GCC_WARN_ABOUT_RETURN_TYPE = YES_ERROR;
				GCC_WARN_UNDECLARED_SELECTOR = YES;
				GCC_WARN_UNINITIALIZED_AUTOS = YES_AGGRESSIVE;
				GCC_WARN_UNUSED_FUNCTION = YES;
				GCC_WARN_UNUSED_VARIABLE = YES;
				LOCALIZATION_PREFERS_STRING_CATALOGS = YES;
				MTL_ENABLE_DEBUG_INFO = INCLUDE_SOURCE;
				MTL_FAST_MATH = YES;
				ONLY_ACTIVE_ARCH = YES;
				SWIFT_ACTIVE_COMPILATION_CONDITIONS = "DEBUG $(inherited)";
				SWIFT_OPTIMIZATION_LEVEL = "-Onone";
			};
			name = Debug;
		};
		765EC5622D851FFE00552A5B /* Release */ = {
			isa = XCBuildConfiguration;
			buildSettings = {
				ALWAYS_SEARCH_USER_PATHS = NO;
				ASSETCATALOG_COMPILER_GENERATE_SWIFT_ASSET_SYMBOL_EXTENSIONS = YES;
				CLANG_ANALYZER_NONNULL = YES;
				CLANG_ANALYZER_NUMBER_OBJECT_CONVERSION = YES_AGGRESSIVE;
				CLANG_CXX_LANGUAGE_STANDARD = "gnu++20";
				CLANG_ENABLE_MODULES = YES;
				CLANG_ENABLE_OBJC_ARC = YES;
				CLANG_ENABLE_OBJC_WEAK = YES;
				CLANG_WARN_BLOCK_CAPTURE_AUTORELEASING = YES;
				CLANG_WARN_BOOL_CONVERSION = YES;
				CLANG_WARN_COMMA = YES;
				CLANG_WARN_CONSTANT_CONVERSION = YES;
				CLANG_WARN_DEPRECATED_OBJC_IMPLEMENTATIONS = YES;
				CLANG_WARN_DIRECT_OBJC_ISA_USAGE = YES_ERROR;
				CLANG_WARN_DOCUMENTATION_COMMENTS = YES;
				CLANG_WARN_EMPTY_BODY = YES;
				CLANG_WARN_ENUM_CONVERSION = YES;
				CLANG_WARN_INFINITE_RECURSION = YES;
				CLANG_WARN_INT_CONVERSION = YES;
				CLANG_WARN_NON_LITERAL_NULL_CONVERSION = YES;
				CLANG_WARN_OBJC_IMPLICIT_RETAIN_SELF = YES;
				CLANG_WARN_OBJC_LITERAL_CONVERSION = YES;
				CLANG_WARN_OBJC_ROOT_CLASS = YES_ERROR;
				CLANG_WARN_QUOTED_INCLUDE_IN_FRAMEWORK_HEADER = YES;
				CLANG_WARN_RANGE_LOOP_ANALYSIS = YES;
				CLANG_WARN_STRICT_PROTOTYPES = YES;
				CLANG_WARN_SUSPICIOUS_MOVE = YES;
				CLANG_WARN_UNGUARDED_AVAILABILITY = YES_AGGRESSIVE;
				CLANG_WARN_UNREACHABLE_CODE = YES;
				CLANG_WARN__DUPLICATE_METHOD_MATCH = YES;
				COPY_PHASE_STRIP = NO;
				DEBUG_INFORMATION_FORMAT = "dwarf-with-dsym";
				ENABLE_NS_ASSERTIONS = NO;
				ENABLE_STRICT_OBJC_MSGSEND = YES;
				ENABLE_USER_SCRIPT_SANDBOXING = YES;
				GCC_C_LANGUAGE_STANDARD = gnu17;
				GCC_NO_COMMON_BLOCKS = YES;
				GCC_WARN_64_TO_32_BIT_CONVERSION = YES;
				GCC_WARN_ABOUT_RETURN_TYPE = YES_ERROR;
				GCC_WARN_UNDECLARED_SELECTOR = YES;
				GCC_WARN_UNINITIALIZED_AUTOS = YES_AGGRESSIVE;
				GCC_WARN_UNUSED_FUNCTION = YES;
				GCC_WARN_UNUSED_VARIABLE = YES;
				LOCALIZATION_PREFERS_STRING_CATALOGS = YES;
				MTL_ENABLE_DEBUG_INFO = NO;
				MTL_FAST_MATH = YES;
				SWIFT_COMPILATION_MODE = wholemodule;
			};
			name = Release;
		};
		765EC5642D851FFE00552A5B /* Debug */ = {
			isa = XCBuildConfiguration;
			buildSettings = {
				ASSETCATALOG_COMPILER_APPICON_NAME = AppIcon;
				ASSETCATALOG_COMPILER_GLOBAL_ACCENT_COLOR_NAME = AccentColor;
				CODE_SIGN_ENTITLEMENTS = Roulette/Roulette.entitlements;
				CODE_SIGN_STYLE = Automatic;
				CURRENT_PROJECT_VERSION = 1;
				DEVELOPMENT_ASSET_PATHS = "\"Roulette/Preview Content\"";
				DEVELOPMENT_TEAM = S86SY2NQ7S;
				ENABLE_HARDENED_RUNTIME = YES;
				ENABLE_PREVIEWS = YES;
				GENERATE_INFOPLIST_FILE = YES;
				"INFOPLIST_KEY_UIApplicationSceneManifest_Generation[sdk=iphoneos*]" = YES;
				"INFOPLIST_KEY_UIApplicationSceneManifest_Generation[sdk=iphonesimulator*]" = YES;
				"INFOPLIST_KEY_UIApplicationSupportsIndirectInputEvents[sdk=iphoneos*]" = YES;
				"INFOPLIST_KEY_UIApplicationSupportsIndirectInputEvents[sdk=iphonesimulator*]" = YES;
				"INFOPLIST_KEY_UILaunchScreen_Generation[sdk=iphoneos*]" = YES;
				"INFOPLIST_KEY_UILaunchScreen_Generation[sdk=iphonesimulator*]" = YES;
				"INFOPLIST_KEY_UIStatusBarStyle[sdk=iphoneos*]" = UIStatusBarStyleDefault;
				"INFOPLIST_KEY_UIStatusBarStyle[sdk=iphonesimulator*]" = UIStatusBarStyleDefault;
				INFOPLIST_KEY_UISupportedInterfaceOrientations_iPad = "UIInterfaceOrientationPortrait UIInterfaceOrientationPortraitUpsideDown UIInterfaceOrientationLandscapeLeft UIInterfaceOrientationLandscapeRight";
				INFOPLIST_KEY_UISupportedInterfaceOrientations_iPhone = "UIInterfaceOrientationPortrait UIInterfaceOrientationLandscapeLeft UIInterfaceOrientationLandscapeRight";
				IPHONEOS_DEPLOYMENT_TARGET = 17.5;
				LD_RUNPATH_SEARCH_PATHS = "@executable_path/Frameworks";
				"LD_RUNPATH_SEARCH_PATHS[sdk=macosx*]" = "@executable_path/../Frameworks";
				MACOSX_DEPLOYMENT_TARGET = 14.5;
				MARKETING_VERSION = 1.0;
				PRODUCT_BUNDLE_IDENTIFIER = com.frankly.Roulette;
				PRODUCT_NAME = "$(TARGET_NAME)";
				SDKROOT = auto;
				SUPPORTED_PLATFORMS = "iphoneos iphonesimulator macosx";
				SWIFT_EMIT_LOC_STRINGS = YES;
				SWIFT_VERSION = 5.0;
				TARGETED_DEVICE_FAMILY = "1,2";
			};
			name = Debug;
		};
		765EC5652D851FFE00552A5B /* Release */ = {
			isa = XCBuildConfiguration;
			buildSettings = {
				ASSETCATALOG_COMPILER_APPICON_NAME = AppIcon;
				ASSETCATALOG_COMPILER_GLOBAL_ACCENT_COLOR_NAME = AccentColor;
				CODE_SIGN_ENTITLEMENTS = Roulette/Roulette.entitlements;
				CODE_SIGN_STYLE = Automatic;
				CURRENT_PROJECT_VERSION = 1;
				DEVELOPMENT_ASSET_PATHS = "\"Roulette/Preview Content\"";
				DEVELOPMENT_TEAM = S86SY2NQ7S;
				ENABLE_HARDENED_RUNTIME = YES;
				ENABLE_PREVIEWS = YES;
				GENERATE_INFOPLIST_FILE = YES;
				"INFOPLIST_KEY_UIApplicationSceneManifest_Generation[sdk=iphoneos*]" = YES;
				"INFOPLIST_KEY_UIApplicationSceneManifest_Generation[sdk=iphonesimulator*]" = YES;
				"INFOPLIST_KEY_UIApplicationSupportsIndirectInputEvents[sdk=iphoneos*]" = YES;
				"INFOPLIST_KEY_UIApplicationSupportsIndirectInputEvents[sdk=iphonesimulator*]" = YES;
				"INFOPLIST_KEY_UILaunchScreen_Generation[sdk=iphoneos*]" = YES;
				"INFOPLIST_KEY_UILaunchScreen_Generation[sdk=iphonesimulator*]" = YES;
				"INFOPLIST_KEY_UIStatusBarStyle[sdk=iphoneos*]" = UIStatusBarStyleDefault;
				"INFOPLIST_KEY_UIStatusBarStyle[sdk=iphonesimulator*]" = UIStatusBarStyleDefault;
				INFOPLIST_KEY_UISupportedInterfaceOrientations_iPad = "UIInterfaceOrientationPortrait UIInterfaceOrientationPortraitUpsideDown UIInterfaceOrientationLandscapeLeft UIInterfaceOrientationLandscapeRight";
				INFOPLIST_KEY_UISupportedInterfaceOrientations_iPhone = "UIInterfaceOrientationPortrait UIInterfaceOrientationLandscapeLeft UIInterfaceOrientationLandscapeRight";
				IPHONEOS_DEPLOYMENT_TARGET = 17.5;
				LD_RUNPATH_SEARCH_PATHS = "@executable_path/Frameworks";
				"LD_RUNPATH_SEARCH_PATHS[sdk=macosx*]" = "@executable_path/../Frameworks";
				MACOSX_DEPLOYMENT_TARGET = 14.5;
				MARKETING_VERSION = 1.0;
				PRODUCT_BUNDLE_IDENTIFIER = com.frankly.Roulette;
				PRODUCT_NAME = "$(TARGET_NAME)";
				SDKROOT = auto;
				SUPPORTED_PLATFORMS = "iphoneos iphonesimulator macosx";
				SWIFT_EMIT_LOC_STRINGS = YES;
				SWIFT_VERSION = 5.0;
				TARGETED_DEVICE_FAMILY = "1,2";
			};
			name = Release;
		};
/* End XCBuildConfiguration section */

/* Begin XCConfigurationList section */
		765EC54F2D851FFD00552A5B /* Build configuration list for PBXProject "Roulette" */ = {
			isa = XCConfigurationList;
			buildConfigurations = (
				765EC5612D851FFE00552A5B /* Debug */,
				765EC5622D851FFE00552A5B /* Release */,
			);
			defaultConfigurationIsVisible = 0;
			defaultConfigurationName = Release;
		};
		765EC5632D851FFE00552A5B /* Build configuration list for PBXNativeTarget "Roulette" */ = {
			isa = XCConfigurationList;
			buildConfigurations = (
				765EC5642D851FFE00552A5B /* Debug */,
				765EC5652D851FFE00552A5B /* Release */,
			);
			defaultConfigurationIsVisible = 0;
			defaultConfigurationName = Release;
		};
/* End XCConfigurationList section */
	};
	rootObject = 765EC54C2D851FFD00552A5B /* Project object */;
}
